
Microsoft Visual Studio Solution File, Format Version 12.00
# Visual Studio Version 16
VisualStudioVersion = 16.0.31613.86
MinimumVisualStudioVersion = 10.0.40219.1
Project("{FAE04EC0-301F-11D3-BF4B-00C04F79EFBC}") = "Practica_EF_UI", "Practica_EF_UI\Practica_EF_UI.csproj", "{E7102F3E-68D8-4E32-875D-BF7B675C183F}"
EndProject
Project("{FAE04EC0-301F-11D3-BF4B-00C04F79EFBC}") = "Practica_EF_Logic", "Practica_EF_Logic\Practica_EF_Logic.csproj", "{620CDC17-2D7C-48DC-B433-EAFEC9444AFC}"
EndProject
Project("{FAE04EC0-301F-11D3-BF4B-00C04F79EFBC}") = "Practica_EF_Data", "Practica_EF_Data\Practica_EF_Data.csproj", "{69BD75F5-3E42-4098-851F-E914F52F4535}"
EndProject
Project("{FAE04EC0-301F-11D3-BF4B-00C04F79EFBC}") = "Practica_EF_Entities", "Practica_EF_Entities\Practica_EF_Entities.csproj", "{5B0811A7-A1EF-41B2-BDE2-04DA68A7686F}"
EndProject
Project("{FAE04EC0-301F-11D3-BF4B-00C04F79EFBC}") = "Practica_EF_MVC", "Practica_EF_MVC\Practica_EF_MVC.csproj", "{F74DEC73-CF15-4E80-9CF4-F55693CE9D2A}"
EndProject
Project("{FAE04EC0-301F-11D3-BF4B-00C04F79EFBC}") = "Practica_EF_WebApi", "Practica_EF_WebApi\Practica_EF_WebApi.csproj", "{63E673DE-A195-4D27-BFBB-D340719FA379}"
EndProject
Global
	GlobalSection(SolutionConfigurationPlatforms) = preSolution
		Debug|Any CPU = Debug|Any CPU
		Release|Any CPU = Release|Any CPU
	EndGlobalSection
	GlobalSection(ProjectConfigurationPlatforms) = postSolution
		{E7102F3E-68D8-4E32-875D-BF7B675C183F}.Debug|Any CPU.ActiveCfg = Debug|Any CPU
		{E7102F3E-68D8-4E32-875D-BF7B675C183F}.Debug|Any CPU.Build.0 = Debug|Any CPU
		{E7102F3E-68D8-4E32-875D-BF7B675C183F}.Release|Any CPU.ActiveCfg = Release|Any CPU
		{E7102F3E-68D8-4E32-875D-BF7B675C183F}.Release|Any CPU.Build.0 = Release|Any CPU
		{620CDC17-2D7C-48DC-B433-EAFEC9444AFC}.Debug|Any CPU.ActiveCfg = Debug|Any CPU
		{620CDC17-2D7C-48DC-B433-EAFEC9444AFC}.Debug|Any CPU.Build.0 = Debug|Any CPU
		{620CDC17-2D7C-48DC-B433-EAFEC9444AFC}.Release|Any CPU.ActiveCfg = Release|Any CPU
		{620CDC17-2D7C-48DC-B433-EAFEC9444AFC}.Release|Any CPU.Build.0 = Release|Any CPU
		{69BD75F5-3E42-4098-851F-E914F52F4535}.Debug|Any CPU.ActiveCfg = Debug|Any CPU
		{69BD75F5-3E42-4098-851F-E914F52F4535}.Debug|Any CPU.Build.0 = Debug|Any CPU
		{69BD75F5-3E42-4098-851F-E914F52F4535}.Release|Any CPU.ActiveCfg = Release|Any CPU
		{69BD75F5-3E42-4098-851F-E914F52F4535}.Release|Any CPU.Build.0 = Release|Any CPU
		{5B0811A7-A1EF-41B2-BDE2-04DA68A7686F}.Debug|Any CPU.ActiveCfg = Debug|Any CPU
		{5B0811A7-A1EF-41B2-BDE2-04DA68A7686F}.Debug|Any CPU.Build.0 = Debug|Any CPU
		{5B0811A7-A1EF-41B2-BDE2-04DA68A7686F}.Release|Any CPU.ActiveCfg = Release|Any CPU
		{5B0811A7-A1EF-41B2-BDE2-04DA68A7686F}.Release|Any CPU.Build.0 = Release|Any CPU
		{F74DEC73-CF15-4E80-9CF4-F55693CE9D2A}.Debug|Any CPU.ActiveCfg = Debug|Any CPU
		{F74DEC73-CF15-4E80-9CF4-F55693CE9D2A}.Debug|Any CPU.Build.0 = Debug|Any CPU
		{F74DEC73-CF15-4E80-9CF4-F55693CE9D2A}.Release|Any CPU.ActiveCfg = Release|Any CPU
		{F74DEC73-CF15-4E80-9CF4-F55693CE9D2A}.Release|Any CPU.Build.0 = Release|Any CPU
		{63E673DE-A195-4D27-BFBB-D340719FA379}.Debug|Any CPU.ActiveCfg = Debug|Any CPU
		{63E673DE-A195-4D27-BFBB-D340719FA379}.Debug|Any CPU.Build.0 = Debug|Any CPU
		{63E673DE-A195-4D27-BFBB-D340719FA379}.Release|Any CPU.ActiveCfg = Release|Any CPU
		{63E673DE-A195-4D27-BFBB-D340719FA379}.Release|Any CPU.Build.0 = Release|Any CPU
	EndGlobalSection
	GlobalSection(SolutionProperties) = preSolution
		HideSolutionNode = FALSE
	EndGlobalSection
	GlobalSection(ExtensibilityGlobals) = postSolution
		SolutionGuid = {9B1FC4DB-26AB-497F-B3A2-1194B08AFA71}
	EndGlobalSection
EndGlobal
